// !$*UTF8*$!
{
	archiveVersion = 1;
	classes = {
	};
	objectVersion = 56;
	objects = {

/* Begin PBXBuildFile section */
		102036FE2AB16385005915CA /* DetailView.swift in Sources */ = {isa = PBXBuildFile; fileRef = 102036FD2AB16385005915CA /* DetailView.swift */; };
		10A5DC252AAF2E8F002BCC5D /* BookwormApp.swift in Sources */ = {isa = PBXBuildFile; fileRef = 10A5DC242AAF2E8F002BCC5D /* BookwormApp.swift */; };
		10A5DC272AAF2E8F002BCC5D /* ContentView.swift in Sources */ = {isa = PBXBuildFile; fileRef = 10A5DC262AAF2E8F002BCC5D /* ContentView.swift */; };
		10A5DC292AAF2E91002BCC5D /* Assets.xcassets in Resources */ = {isa = PBXBuildFile; fileRef = 10A5DC282AAF2E91002BCC5D /* Assets.xcassets */; };
		10A5DC2C2AAF2E91002BCC5D /* Preview Assets.xcassets in Resources */ = {isa = PBXBuildFile; fileRef = 10A5DC2B2AAF2E91002BCC5D /* Preview Assets.xcassets */; };
		10A5DC332AAF2FCE002BCC5D /* PushButton.swift in Sources */ = {isa = PBXBuildFile; fileRef = 10A5DC322AAF2FCE002BCC5D /* PushButton.swift */; };
		10D20B0A2AAF33E300ACEF16 /* TextEditorView.swift in Sources */ = {isa = PBXBuildFile; fileRef = 10D20B092AAF33E300ACEF16 /* TextEditorView.swift */; };
		10D20B0F2AAFA43B00ACEF16 /* Bookworm.xcdatamodeld in Sources */ = {isa = PBXBuildFile; fileRef = 10D20B0D2AAFA43B00ACEF16 /* Bookworm.xcdatamodeld */; };
		10D20B112AAFA4AE00ACEF16 /* DataController.swift in Sources */ = {isa = PBXBuildFile; fileRef = 10D20B102AAFA4AE00ACEF16 /* DataController.swift */; };
		10D20B142AAFFDC600ACEF16 /* AddBookView.swift in Sources */ = {isa = PBXBuildFile; fileRef = 10D20B132AAFFDC600ACEF16 /* AddBookView.swift */; };
		10D20B162AB00B5C00ACEF16 /* RatingView.swift in Sources */ = {isa = PBXBuildFile; fileRef = 10D20B152AB00B5C00ACEF16 /* RatingView.swift */; };
		10D20B182AB010DA00ACEF16 /* EmojiRatingView.swift in Sources */ = {isa = PBXBuildFile; fileRef = 10D20B172AB010DA00ACEF16 /* EmojiRatingView.swift */; };
/* End PBXBuildFile section */

/* Begin PBXFileReference section */
		102036FD2AB16385005915CA /* DetailView.swift */ = {isa = PBXFileReference; lastKnownFileType = sourcecode.swift; path = DetailView.swift; sourceTree = "<group>"; };
		10A5DC212AAF2E8F002BCC5D /* Bookworm.app */ = {isa = PBXFileReference; explicitFileType = wrapper.application; includeInIndex = 0; path = Bookworm.app; sourceTree = BUILT_PRODUCTS_DIR; };
		10A5DC242AAF2E8F002BCC5D /* BookwormApp.swift */ = {isa = PBXFileReference; lastKnownFileType = sourcecode.swift; path = BookwormApp.swift; sourceTree = "<group>"; };
		10A5DC262AAF2E8F002BCC5D /* ContentView.swift */ = {isa = PBXFileReference; lastKnownFileType = sourcecode.swift; path = ContentView.swift; sourceTree = "<group>"; };
		10A5DC282AAF2E91002BCC5D /* Assets.xcassets */ = {isa = PBXFileReference; lastKnownFileType = folder.assetcatalog; path = Assets.xcassets; sourceTree = "<group>"; };
		10A5DC2B2AAF2E91002BCC5D /* Preview Assets.xcassets */ = {isa = PBXFileReference; lastKnownFileType = folder.assetcatalog; path = "Preview Assets.xcassets"; sourceTree = "<group>"; };
		10A5DC322AAF2FCE002BCC5D /* PushButton.swift */ = {isa = PBXFileReference; lastKnownFileType = sourcecode.swift; path = PushButton.swift; sourceTree = "<group>"; };
		10D20B092AAF33E300ACEF16 /* TextEditorView.swift */ = {isa = PBXFileReference; lastKnownFileType = sourcecode.swift; path = TextEditorView.swift; sourceTree = "<group>"; };
		10D20B0E2AAFA43B00ACEF16 /* Bookworm.xcdatamodel */ = {isa = PBXFileReference; lastKnownFileType = wrapper.xcdatamodel; path = Bookworm.xcdatamodel; sourceTree = "<group>"; };
		10D20B102AAFA4AE00ACEF16 /* DataController.swift */ = {isa = PBXFileReference; lastKnownFileType = sourcecode.swift; path = DataController.swift; sourceTree = "<group>"; };
		10D20B132AAFFDC600ACEF16 /* AddBookView.swift */ = {isa = PBXFileReference; lastKnownFileType = sourcecode.swift; path = AddBookView.swift; sourceTree = "<group>"; };
		10D20B152AB00B5C00ACEF16 /* RatingView.swift */ = {isa = PBXFileReference; lastKnownFileType = sourcecode.swift; path = RatingView.swift; sourceTree = "<group>"; };
		10D20B172AB010DA00ACEF16 /* EmojiRatingView.swift */ = {isa = PBXFileReference; lastKnownFileType = sourcecode.swift; path = EmojiRatingView.swift; sourceTree = "<group>"; };
/* End PBXFileReference section */

/* Begin PBXFrameworksBuildPhase section */
		10A5DC1E2AAF2E8F002BCC5D /* Frameworks */ = {
			isa = PBXFrameworksBuildPhase;
			buildActionMask = 2147483647;
			files = (
			);
			runOnlyForDeploymentPostprocessing = 0;
		};
/* End PBXFrameworksBuildPhase section */

/* Begin PBXGroup section */
		10A5DC182AAF2E8F002BCC5D = {
			isa = PBXGroup;
			children = (
				10A5DC232AAF2E8F002BCC5D /* Bookworm */,
				10A5DC222AAF2E8F002BCC5D /* Products */,
			);
			sourceTree = "<group>";
		};
		10A5DC222AAF2E8F002BCC5D /* Products */ = {
			isa = PBXGroup;
			children = (
				10A5DC212AAF2E8F002BCC5D /* Bookworm.app */,
			);
			name = Products;
			sourceTree = "<group>";
		};
		10A5DC232AAF2E8F002BCC5D /* Bookworm */ = {
			isa = PBXGroup;
			children = (
				10A5DC242AAF2E8F002BCC5D /* BookwormApp.swift */,
				10A5DC262AAF2E8F002BCC5D /* ContentView.swift */,
				10D20B102AAFA4AE00ACEF16 /* DataController.swift */,
				10A5DC282AAF2E91002BCC5D /* Assets.xcassets */,
				102036FD2AB16385005915CA /* DetailView.swift */,
				10A5DC2A2AAF2E91002BCC5D /* Preview Content */,
				10D20B0D2AAFA43B00ACEF16 /* Bookworm.xcdatamodeld */,
				10D20B132AAFFDC600ACEF16 /* AddBookView.swift */,
				10D20B172AB010DA00ACEF16 /* EmojiRatingView.swift */,
				10D20B152AB00B5C00ACEF16 /* RatingView.swift */,
				10D20B122AAFAB7F00ACEF16 /* Notes */,
			);
			path = Bookworm;
			sourceTree = "<group>";
		};
		10A5DC2A2AAF2E91002BCC5D /* Preview Content */ = {
			isa = PBXGroup;
			children = (
				10A5DC2B2AAF2E91002BCC5D /* Preview Assets.xcassets */,
			);
			path = "Preview Content";
			sourceTree = "<group>";
		};
		10D20B122AAFAB7F00ACEF16 /* Notes */ = {
			isa = PBXGroup;
			children = (
				10D20B092AAF33E300ACEF16 /* TextEditorView.swift */,
				10A5DC322AAF2FCE002BCC5D /* PushButton.swift */,
			);
			path = Notes;
			sourceTree = "<group>";
		};
/* End PBXGroup section */

/* Begin PBXNativeTarget section */
		10A5DC202AAF2E8F002BCC5D /* Bookworm */ = {
			isa = PBXNativeTarget;
			buildConfigurationList = 10A5DC2F2AAF2E91002BCC5D /* Build configuration list for PBXNativeTarget "Bookworm" */;
			buildPhases = (
				10A5DC1D2AAF2E8F002BCC5D /* Sources */,
				10A5DC1E2AAF2E8F002BCC5D /* Frameworks */,
				10A5DC1F2AAF2E8F002BCC5D /* Resources */,
			);
			buildRules = (
			);
			dependencies = (
			);
			name = Bookworm;
			productName = Bookworm;
			productReference = 10A5DC212AAF2E8F002BCC5D /* Bookworm.app */;
			productType = "com.apple.product-type.application";
		};
/* End PBXNativeTarget section */

/* Begin PBXProject section */
		10A5DC192AAF2E8F002BCC5D /* Project object */ = {
			isa = PBXProject;
			attributes = {
				BuildIndependentTargetsInParallel = 1;
				LastSwiftUpdateCheck = 1430;
				LastUpgradeCheck = 1430;
				TargetAttributes = {
					10A5DC202AAF2E8F002BCC5D = {
						CreatedOnToolsVersion = 14.3.1;
					};
				};
			};
			buildConfigurationList = 10A5DC1C2AAF2E8F002BCC5D /* Build configuration list for PBXProject "Bookworm" */;
			compatibilityVersion = "Xcode 14.0";
			developmentRegion = en;
			hasScannedForEncodings = 0;
			knownRegions = (
				en,
				Base,
			);
			mainGroup = 10A5DC182AAF2E8F002BCC5D;
			productRefGroup = 10A5DC222AAF2E8F002BCC5D /* Products */;
			projectDirPath = "";
			projectRoot = "";
			targets = (
				10A5DC202AAF2E8F002BCC5D /* Bookworm */,
			);
		};
/* End PBXProject section */

/* Begin PBXResourcesBuildPhase section */
		10A5DC1F2AAF2E8F002BCC5D /* Resources */ = {
			isa = PBXResourcesBuildPhase;
			buildActionMask = 2147483647;
			files = (
				10A5DC2C2AAF2E91002BCC5D /* Preview Assets.xcassets in Resources */,
				10A5DC292AAF2E91002BCC5D /* Assets.xcassets in Resources */,
			);
			runOnlyForDeploymentPostprocessing = 0;
		};
/* End PBXResourcesBuildPhase section */

/* Begin PBXSourcesBuildPhase section */
		10A5DC1D2AAF2E8F002BCC5D /* Sources */ = {
			isa = PBXSourcesBuildPhase;
			buildActionMask = 2147483647;
			files = (
				10D20B142AAFFDC600ACEF16 /* AddBookView.swift in Sources */,
				10D20B182AB010DA00ACEF16 /* EmojiRatingView.swift in Sources */,
				10A5DC272AAF2E8F002BCC5D /* ContentView.swift in Sources */,
				102036FE2AB16385005915CA /* DetailView.swift in Sources */,
				10D20B112AAFA4AE00ACEF16 /* DataController.swift in Sources */,
				10D20B162AB00B5C00ACEF16 /* RatingView.swift in Sources */,
				10A5DC252AAF2E8F002BCC5D /* BookwormApp.swift in Sources */,
				10D20B0A2AAF33E300ACEF16 /* TextEditorView.swift in Sources */,
				10A5DC332AAF2FCE002BCC5D /* PushButton.swift in Sources */,
				10D20B0F2AAFA43B00ACEF16 /* Bookworm.xcdatamodeld in Sources */,
			);
			runOnlyForDeploymentPostprocessing = 0;
		};
/* End PBXSourcesBuildPhase section */

/* Begin XCBuildConfiguration section */
		10A5DC2D2AAF2E91002BCC5D /* Debug */ = {
			isa = XCBuildConfiguration;
			buildSettings = {
				ALWAYS_SEARCH_USER_PATHS = NO;
				CLANG_ANALYZER_NONNULL = YES;
				CLANG_ANALYZER_NUMBER_OBJECT_CONVERSION = YES_AGGRESSIVE;
				CLANG_CXX_LANGUAGE_STANDARD = "gnu++20";
				CLANG_ENABLE_MODULES = YES;
				CLANG_ENABLE_OBJC_ARC = YES;
				CLANG_ENABLE_OBJC_WEAK = YES;
				CLANG_WARN_BLOCK_CAPTURE_AUTORELEASING = YES;
				CLANG_WARN_BOOL_CONVERSION = YES;
				CLANG_WARN_COMMA = YES;
				CLANG_WARN_CONSTANT_CONVERSION = YES;
				CLANG_WARN_DEPRECATED_OBJC_IMPLEMENTATIONS = YES;
				CLANG_WARN_DIRECT_OBJC_ISA_USAGE = YES_ERROR;
				CLANG_WARN_DOCUMENTATION_COMMENTS = YES;
				CLANG_WARN_EMPTY_BODY = YES;
				CLANG_WARN_ENUM_CONVERSION = YES;
				CLANG_WARN_INFINITE_RECURSION = YES;
				CLANG_WARN_INT_CONVERSION = YES;
				CLANG_WARN_NON_LITERAL_NULL_CONVERSION = YES;
				CLANG_WARN_OBJC_IMPLICIT_RETAIN_SELF = YES;
				CLANG_WARN_OBJC_LITERAL_CONVERSION = YES;
				CLANG_WARN_OBJC_ROOT_CLASS = YES_ERROR;
				CLANG_WARN_QUOTED_INCLUDE_IN_FRAMEWORK_HEADER = YES;
				CLANG_WARN_RANGE_LOOP_ANALYSIS = YES;
				CLANG_WARN_STRICT_PROTOTYPES = YES;
				CLANG_WARN_SUSPICIOUS_MOVE = YES;
				CLANG_WARN_UNGUARDED_AVAILABILITY = YES_AGGRESSIVE;
				CLANG_WARN_UNREACHABLE_CODE = YES;
				CLANG_WARN__DUPLICATE_METHOD_MATCH = YES;
				COPY_PHASE_STRIP = NO;
				DEBUG_INFORMATION_FORMAT = dwarf;
				ENABLE_STRICT_OBJC_MSGSEND = YES;
				ENABLE_TESTABILITY = YES;
				GCC_C_LANGUAGE_STANDARD = gnu11;
				GCC_DYNAMIC_NO_PIC = NO;
				GCC_NO_COMMON_BLOCKS = YES;
				GCC_OPTIMIZATION_LEVEL = 0;
				GCC_PREPROCESSOR_DEFINITIONS = (
					"DEBUG=1",
					"$(inherited)",
				);
				GCC_WARN_64_TO_32_BIT_CONVERSION = YES;
				GCC_WARN_ABOUT_RETURN_TYPE = YES_ERROR;
				GCC_WARN_UNDECLARED_SELECTOR = YES;
				GCC_WARN_UNINITIALIZED_AUTOS = YES_AGGRESSIVE;
				GCC_WARN_UNUSED_FUNCTION = YES;
				GCC_WARN_UNUSED_VARIABLE = YES;
				IPHONEOS_DEPLOYMENT_TARGET = 16.4;
				MTL_ENABLE_DEBUG_INFO = INCLUDE_SOURCE;
				MTL_FAST_MATH = YES;
				ONLY_ACTIVE_ARCH = YES;
				SDKROOT = iphoneos;
				SWIFT_ACTIVE_COMPILATION_CONDITIONS = DEBUG;
				SWIFT_OPTIMIZATION_LEVEL = "-Onone";
			};
			name = Debug;
		};
		10A5DC2E2AAF2E91002BCC5D /* Release */ = {
			isa = XCBuildConfiguration;
			buildSettings = {
				ALWAYS_SEARCH_USER_PATHS = NO;
				CLANG_ANALYZER_NONNULL = YES;
				CLANG_ANALYZER_NUMBER_OBJECT_CONVERSION = YES_AGGRESSIVE;
				CLANG_CXX_LANGUAGE_STANDARD = "gnu++20";
				CLANG_ENABLE_MODULES = YES;
				CLANG_ENABLE_OBJC_ARC = YES;
				CLANG_ENABLE_OBJC_WEAK = YES;
				CLANG_WARN_BLOCK_CAPTURE_AUTORELEASING = YES;
				CLANG_WARN_BOOL_CONVERSION = YES;
				CLANG_WARN_COMMA = YES;
				CLANG_WARN_CONSTANT_CONVERSION = YES;
				CLANG_WARN_DEPRECATED_OBJC_IMPLEMENTATIONS = YES;
				CLANG_WARN_DIRECT_OBJC_ISA_USAGE = YES_ERROR;
				CLANG_WARN_DOCUMENTATION_COMMENTS = YES;
				CLANG_WARN_EMPTY_BODY = YES;
				CLANG_WARN_ENUM_CONVERSION = YES;
				CLANG_WARN_INFINITE_RECURSION = YES;
				CLANG_WARN_INT_CONVERSION = YES;
				CLANG_WARN_NON_LITERAL_NULL_CONVERSION = YES;
				CLANG_WARN_OBJC_IMPLICIT_RETAIN_SELF = YES;
				CLANG_WARN_OBJC_LITERAL_CONVERSION = YES;
				CLANG_WARN_OBJC_ROOT_CLASS = YES_ERROR;
				CLANG_WARN_QUOTED_INCLUDE_IN_FRAMEWORK_HEADER = YES;
				CLANG_WARN_RANGE_LOOP_ANALYSIS = YES;
				CLANG_WARN_STRICT_PROTOTYPES = YES;
				CLANG_WARN_SUSPICIOUS_MOVE = YES;
				CLANG_WARN_UNGUARDED_AVAILABILITY = YES_AGGRESSIVE;
				CLANG_WARN_UNREACHABLE_CODE = YES;
				CLANG_WARN__DUPLICATE_METHOD_MATCH = YES;
				COPY_PHASE_STRIP = NO;
				DEBUG_INFORMATION_FORMAT = "dwarf-with-dsym";
				ENABLE_NS_ASSERTIONS = NO;
				ENABLE_STRICT_OBJC_MSGSEND = YES;
				GCC_C_LANGUAGE_STANDARD = gnu11;
				GCC_NO_COMMON_BLOCKS = YES;
				GCC_WARN_64_TO_32_BIT_CONVERSION = YES;
				GCC_WARN_ABOUT_RETURN_TYPE = YES_ERROR;
				GCC_WARN_UNDECLARED_SELECTOR = YES;
				GCC_WARN_UNINITIALIZED_AUTOS = YES_AGGRESSIVE;
				GCC_WARN_UNUSED_FUNCTION = YES;
				GCC_WARN_UNUSED_VARIABLE = YES;
				IPHONEOS_DEPLOYMENT_TARGET = 16.4;
				MTL_ENABLE_DEBUG_INFO = NO;
				MTL_FAST_MATH = YES;
				SDKROOT = iphoneos;
				SWIFT_COMPILATION_MODE = wholemodule;
				SWIFT_OPTIMIZATION_LEVEL = "-O";
				VALIDATE_PRODUCT = YES;
			};
			name = Release;
		};
		10A5DC302AAF2E91002BCC5D /* Debug */ = {
			isa = XCBuildConfiguration;
			buildSettings = {
				ASSETCATALOG_COMPILER_APPICON_NAME = AppIcon;
				ASSETCATALOG_COMPILER_GLOBAL_ACCENT_COLOR_NAME = AccentColor;
				CODE_SIGN_STYLE = Automatic;
				CURRENT_PROJECT_VERSION = 1;
				DEVELOPMENT_ASSET_PATHS = "\"Bookworm/Preview Content\"";
				DEVELOPMENT_TEAM = N2CSX799P5;
				ENABLE_PREVIEWS = YES;
				GENERATE_INFOPLIST_FILE = YES;
				INFOPLIST_KEY_UIApplicationSceneManifest_Generation = YES;
				INFOPLIST_KEY_UIApplicationSupportsIndirectInputEvents = YES;
				INFOPLIST_KEY_UILaunchScreen_Generation = YES;
				INFOPLIST_KEY_UISupportedInterfaceOrientations_iPad = "UIInterfaceOrientationPortrait UIInterfaceOrientationPortraitUpsideDown UIInterfaceOrientationLandscapeLeft UIInterfaceOrientationLandscapeRight";
				INFOPLIST_KEY_UISupportedInterfaceOrientations_iPhone = "UIInterfaceOrientationPortrait UIInterfaceOrientationLandscapeLeft UIInterfaceOrientationLandscapeRight";
				LD_RUNPATH_SEARCH_PATHS = (
					"$(inherited)",
					"@executable_path/Frameworks",
				);
				MARKETING_VERSION = 1.0;
				PRODUCT_BUNDLE_IDENTIFIER = com.zlibabaika.Bookworm;
				PRODUCT_NAME = "$(TARGET_NAME)";
				SWIFT_EMIT_LOC_STRINGS = YES;
				SWIFT_VERSION = 5.0;
				TARGETED_DEVICE_FAMILY = "1,2";
			};
			name = Debug;
		};
		10A5DC312AAF2E91002BCC5D /* Release */ = {
			isa = XCBuildConfiguration;
			buildSettings = {
				ASSETCATALOG_COMPILER_APPICON_NAME = AppIcon;
				ASSETCATALOG_COMPILER_GLOBAL_ACCENT_COLOR_NAME = AccentColor;
				CODE_SIGN_STYLE = Automatic;
				CURRENT_PROJECT_VERSION = 1;
				DEVELOPMENT_ASSET_PATHS = "\"Bookworm/Preview Content\"";
				DEVELOPMENT_TEAM = N2CSX799P5;
				ENABLE_PREVIEWS = YES;
				GENERATE_INFOPLIST_FILE = YES;
				INFOPLIST_KEY_UIApplicationSceneManifest_Generation = YES;
				INFOPLIST_KEY_UIApplicationSupportsIndirectInputEvents = YES;
				INFOPLIST_KEY_UILaunchScreen_Generation = YES;
				INFOPLIST_KEY_UISupportedInterfaceOrientations_iPad = "UIInterfaceOrientationPortrait UIInterfaceOrientationPortraitUpsideDown UIInterfaceOrientationLandscapeLeft UIInterfaceOrientationLandscapeRight";
				INFOPLIST_KEY_UISupportedInterfaceOrientations_iPhone = "UIInterfaceOrientationPortrait UIInterfaceOrientationLandscapeLeft UIInterfaceOrientationLandscapeRight";
				LD_RUNPATH_SEARCH_PATHS = (
					"$(inherited)",
					"@executable_path/Frameworks",
				);
				MARKETING_VERSION = 1.0;
				PRODUCT_BUNDLE_IDENTIFIER = com.zlibabaika.Bookworm;
				PRODUCT_NAME = "$(TARGET_NAME)";
				SWIFT_EMIT_LOC_STRINGS = YES;
				SWIFT_VERSION = 5.0;
				TARGETED_DEVICE_FAMILY = "1,2";
			};
			name = Release;
		};
/* End XCBuildConfiguration section */

/* Begin XCConfigurationList section */
		10A5DC1C2AAF2E8F002BCC5D /* Build configuration list for PBXProject "Bookworm" */ = {
			isa = XCConfigurationList;
			buildConfigurations = (
				10A5DC2D2AAF2E91002BCC5D /* Debug */,
				10A5DC2E2AAF2E91002BCC5D /* Release */,
			);
			defaultConfigurationIsVisible = 0;
			defaultConfigurationName = Release;
		};
		10A5DC2F2AAF2E91002BCC5D /* Build configuration list for PBXNativeTarget "Bookworm" */ = {
			isa = XCConfigurationList;
			buildConfigurations = (
				10A5DC302AAF2E91002BCC5D /* Debug */,
				10A5DC312AAF2E91002BCC5D /* Release */,
			);
			defaultConfigurationIsVisible = 0;
			defaultConfigurationName = Release;
		};
/* End XCConfigurationList section */

/* Begin XCVersionGroup section */
		10D20B0D2AAFA43B00ACEF16 /* Bookworm.xcdatamodeld */ = {
			isa = XCVersionGroup;
			children = (
				10D20B0E2AAFA43B00ACEF16 /* Bookworm.xcdatamodel */,
			);
			currentVersion = 10D20B0E2AAFA43B00ACEF16 /* Bookworm.xcdatamodel */;
			path = Bookworm.xcdatamodeld;
			sourceTree = "<group>";
			versionGroupType = wrapper.xcdatamodel;
		};
/* End XCVersionGroup section */
	};
	rootObject = 10A5DC192AAF2E8F002BCC5D /* Project object */;
}
